{
  "lockfile_version": 1,
  "source": "https://github.com/sazlin/loadout",
  "ref": "main",
  "resolved_sha": "fe1fe54da3fe27ad3f36f49699cceec2acbfeb3e",
  "synced_at": "2026-09-21T05:45:55Z",
  "tool_version": "0.42.0",
  "files": [
    {
      "dest": ".claude/agents/davinci.md",
      "src": "agents/davinci/davinci.md",
      "sha256": "59fa5aaa689d021dac3d8e620dfbd2aab0f89c4c783fd01b3842f504c4bb8991"
    },
    {
      "dest": ".claude/settings.json",
      "src": "__generated__/claude/settings.json",
      "sha256": "6966130fb3edef976c154830908ca2dc891a4371d33d455fa778931bf1a57ed7"
    },
    {
      "dest": ".claude/skills/anti-sleep/SKILL.md",
      "src": "skills/anti-sleep/SKILL.md",
      "sha256": "74823722c2993289cb4bfb2e0b7a7bb658d973e3f8985e3bf6680074e13a2b8f"
    },
    {
      "dest": ".claude/skills/anti-sleep/scripts/keep-awake",
      "src": "skills/anti-sleep/scripts/keep-awake",
      "sha256": "71e6b575e890fe49479f9f26f79b907b48ec861a787cf160ee9fe3813042aa0e",
      "mode": "755"
    },
    {
      "dest": ".claude/skills/decisions/SKILL.md",
      "src": "skills/decisions/SKILL.md",
      "sha256": "058bf7b91089f9b35f9b7b26f6f8d4c7f06dcd640e295f718a647b59661ea46f"
    },
    {
      "dest": ".claude/skills/github-upload-media-to-pr/SKILL.md",
      "src": "skills/github-upload-media-to-pr/SKILL.md",
      "sha256": "bf22cf5c3873f67b6f27b8300ce8833646536a61694c122011532d5069a096d6"
    },
    {
      "dest": ".claude/skills/learn/SKILL.md",
      "src": "skills/learn/SKILL.md",
      "sha256": "3cb66a0655a3590baeb13ef8ae4fc9ff2428fddc3c740330d8cab2a6a5d8aab9"
    },
    {
      "dest": ".claude/skills/make-readme/README_TEMPLATE.md",
      "src": "skills/make-readme/README_TEMPLATE.md",
      "sha256": "1db18835648d85ec812f706b351abaf4cae56d04537b1f1e89975b0b5022fb19"
    },
    {
      "dest": ".claude/skills/make-readme/SKILL.md",
      "src": "skills/make-readme/SKILL.md",
      "sha256": "689b3b6d054b09a98ce83dbbfc0fc13b70a1083b3fb6987855e342b788cb2e24"
    },
    {
      "dest": ".claude/skills/make-readme/references/badges.md",
      "src": "skills/make-readme/references/badges.md",
      "sha256": "9bdfce83a330d3afa5db243750302b4dc1b606f0790c77473e38657007da60e6"
    },
    {
      "dest": ".claude/skills/make-readme/references/evidence.md",
      "src": "skills/make-readme/references/evidence.md",
      "sha256": "accac4ae5be12db2b72a117dc4ab4fd30a69e7cdaf5679940a120ee8077d6a28"
    },
    {
      "dest": ".claude/skills/make-readme/references/project-types.md",
      "src": "skills/make-readme/references/project-types.md",
      "sha256": "fb49bb8150bd6411c86060791f49524287ef611a1752c3afa2e3f9305c13319a"
    },
    {
      "dest": ".claude/skills/make-readme/references/section-playbook.md",
      "src": "skills/make-readme/references/section-playbook.md",
      "sha256": "0a9c027bde0b37046f63776715d26070dd31db99b6ce93bb844774395fa37112"
    },
    {
      "dest": ".claude/skills/make-readme/scripts/corpus_analyzer.py",
      "src": "skills/make-readme/scripts/corpus_analyzer.py",
      "sha256": "755e775782b732105325e707d0fae40212569ffd329252af548706e95e1bd7e5",
      "mode": "755"
    },
    {
      "dest": ".claude/skills/make-readme/scripts/inspect_repo.py",
      "src": "skills/make-readme/scripts/inspect_repo.py",
      "sha256": "2821b375e0a6facdc1ec9e9617e5fc6a60a0000f272a0ef5900201d9abdea439",
      "mode": "755"
    },
    {
      "dest": ".claude/skills/make-readme/scripts/score_readme.py",
      "src": "skills/make-readme/scripts/score_readme.py",
      "sha256": "6d3df2e510c7f03836cba00b6c38822bd13cced92d4ffe1052827f8fa54cbaeb",
      "mode": "755"
    },
    {
      "dest": ".claude/skills/next-decision/SKILL.md",
      "src": "skills/next-decision/SKILL.md",
      "sha256": "beaa24ebe671b414fd95aa5b0d4038364a54a4b2db979195b759024c06ac4c55"
    },
    {
      "dest": ".claude/skills/ponytail-audit/SKILL.md",
      "src": "skills/ponytail-audit/SKILL.md",
      "sha256": "eb44d1e088c0e375bdce39c325825a64ae3e0dbfc1d7c8b4894494d189f9c333"
    },
    {
      "dest": ".claude/skills/ponytail-audit/SOURCE.md",
      "src": "skills/ponytail-audit/SOURCE.md",
      "sha256": "3e9735f475fd502b7e0fbb9636794b145081ea4234f11c1fac3c3940373b9737"
    },
    {
      "dest": ".claude/skills/ponytail-debt/SKILL.md",
      "src": "skills/ponytail-debt/SKILL.md",
      "sha256": "99379da3599fb86deda404725369d5b8c434e5cc74807f29fa11995c2c3e66f5"
    },
    {
      "dest": ".claude/skills/ponytail-debt/SOURCE.md",
      "src": "skills/ponytail-debt/SOURCE.md",
      "sha256": "268164091f8559fed97fdf35a2f1986183e52182ce6ce49ed423619fa3b6ae92"
    },
    {
      "dest": ".claude/skills/ponytail-gain/SKILL.md",
      "src": "skills/ponytail-gain/SKILL.md",
      "sha256": "01689cde415121c6214fb79db7895ab1e6b34cb2b86c0920be7a351b86180c95"
    },
    {
      "dest": ".claude/skills/ponytail-gain/SOURCE.md",
      "src": "skills/ponytail-gain/SOURCE.md",
      "sha256": "cbb548b1084a500f8bebe13510c19533e2f669141bd6f3141bf86a5feb5a55b5"
    },
    {
      "dest": ".claude/skills/ponytail-help/SKILL.md",
      "src": "skills/ponytail-help/SKILL.md",
      "sha256": "7b6f30fbfb418edd19359b2906e449897577856ff05ba396ab320be843948581"
    },
    {
      "dest": ".claude/skills/ponytail-help/SOURCE.md",
      "src": "skills/ponytail-help/SOURCE.md",
      "sha256": "8526add99f8e896d5f5ae05879a9eec5d3ab14b33d94bd03dec978b7cde1f5aa"
    },
    {
      "dest": ".claude/skills/ponytail-review/SKILL.md",
      "src": "skills/ponytail-review/SKILL.md",
      "sha256": "c3f713da4c439bbe83883e3350a7611bd30f642d63fe96f77ceedac8a36cd988"
    },
    {
      "dest": ".claude/skills/ponytail-review/SOURCE.md",
      "src": "skills/ponytail-review/SOURCE.md",
      "sha256": "a13c17ba910712ba753cf8cad56976055da36adeba057f8464a1c51fe03c312e"
    },
    {
      "dest": ".claude/skills/ponytail/SKILL.md",
      "src": "skills/ponytail/SKILL.md",
      "sha256": "1770de480bf1b881569ce9f3c9a28c24f9b590a0808a525d2d0a98169856b6bc"
    },
    {
      "dest": ".claude/skills/ponytail/SOURCE.md",
      "src": "skills/ponytail/SOURCE.md",
      "sha256": "6875ad5089eac24517c184194796f9156f4e58cc0e627d0f7519c8a6a8832e01"
    },
    {
      "dest": ".claude/skills/release-checklist/SKILL.md",
      "src": "skills/release-checklist/SKILL.md",
      "sha256": "b7f92ea3c4b388cda1e6ea83fb15ff19199023e98706b17fe504653a67565ee5"
    },
    {
      "dest": ".claude/skills/rtk/SKILL.md",
      "src": "skills/rtk/SKILL.md",
      "sha256": "1fd633c4aa6e4c0e378404d4886a8bc987192b15bdf0e4fc3627fcc825549d0e"
    },
    {
      "dest": ".claude/skills/rtk/SOURCE.md",
      "src": "skills/rtk/SOURCE.md",
      "sha256": "598344ae13f24b72c1f954df0649bdd80400c80a202f2383c86f9d0d75b1c86e"
    },
    {
      "dest": ".claude/skills/unslop/SKILL.md",
      "src": "skills/unslop/SKILL.md",
      "sha256": "4cdbc395facb5c97761c85c5a6d1739a5d8b7fa730bfa24b9d570ed144bf71a5"
    },
    {
      "dest": ".claude/skills/unslop/SOURCE.md",
      "src": "skills/unslop/SOURCE.md",
      "sha256": "a2fa47162fa725d03006de18274d2a585d88a75dc85670a968310b4eeafbf10c"
    },
    {
      "dest": ".cursor/hooks.json",
      "src": "__generated__/cursor/hooks.json",
      "sha256": "a415f4a9694dde45f1a9a39324121e727dfb83762149b47f77509af591a0593e"
    },
    {
      "dest": ".cursor/hooks/deny-dangerous/dangerous-patterns.txt",
      "src": "hooks/deny-dangerous/dangerous-patterns.txt",
      "sha256": "9bd6e7ea686253890b4c59b4bf50281ee2b901abfd5bd4160b3d6d4e2c19cdb8"
    },
    {
      "dest": ".cursor/hooks/deny-dangerous/deny-dangerous.sh",
      "src": "hooks/deny-dangerous/deny-dangerous.sh",
      "sha256": "7c01658581faa4afcb8c95280dce34bde8345bf47b4aeec0cd4510b6cc3eb35e",
      "mode": "755"
    },
    {
      "dest": ".cursor/hooks/deny-dangerous/test-guard.sh",
      "src": "hooks/deny-dangerous/test-guard.sh",
      "sha256": "8347c36e8947ba86f1960e6dcd313891297bb8532e5f8ab9ba91164fb260bcde",
      "mode": "755"
    },
    {
      "dest": ".cursor/hooks/ponytail-activate/SOURCE.md",
      "src": "hooks/ponytail-activate/SOURCE.md",
      "sha256": "6743eb0730b645a1911951c473cfa77c91cb3c016c5fda026a4904f0fdcfd208"
    },
    {
      "dest": ".cursor/hooks/ponytail-activate/ponytail-activate",
      "src": "hooks/ponytail-activate/ponytail-activate",
      "sha256": "a9d6edc5e0f8525b8eedd48dbe577bc89738bfe6ab3dc648474d2840d49d5d35",
      "mode": "755"
    },
    {
      "dest": ".cursor/hooks/rtk-rewrite/SOURCE.md",
      "src": "hooks/rtk-rewrite/SOURCE.md",
      "sha256": "0e66a740fc41b657111043aeace3da495d1feb34018dc2331c02db6d3965875b"
    },
    {
      "dest": ".cursor/hooks/rtk-rewrite/rtk-rewrite.sh",
      "src": "hooks/rtk-rewrite/rtk-rewrite.sh",
      "sha256": "70b6ca39d5321701954f483db20bd57313582de97937c3dc6fc8a9b145643e21",
      "mode": "755"
    },
    {
      "dest": ".cursor/mcp.json",
      "src": "__generated__/cursor/mcp.json",
      "sha256": "47f3a1c1bb9c7ffa672079d82bf7b0ba8137006f201b0821bf1c0b40974dadd5"
    },
    {
      "dest": ".cursor/rules/agent-authoring.mdc",
      "src": "rules/agents/agent-authoring.mdc",
      "sha256": "8100f190489c0c883ddc3a3c9573c29b8618c287e452c062bd6de2be1a9a841c"
    },
    {
      "dest": ".cursor/rules/colocated-evals.mdc",
      "src": "rules/core/colocated-evals.mdc",
      "sha256": "3417da103a4727f48824de7041605a8ebd4638608fd8fb612da36bff40ec167a"
    },
    {
      "dest": ".cursor/rules/commit-style.mdc",
      "src": "rules/core/commit-style.mdc",
      "sha256": "2d9cd5ab0ebfc08ac95c271b68ba1fdd8068c51394d46d4dcacfe24180a14b15"
    },
    {
      "dest": ".cursor/rules/no-autonomous-external-comms.mdc",
      "src": "rules/core/no-autonomous-external-comms.mdc",
      "sha256": "6648ed0e0319bf4c4fe78d5e15d13e2b59f78a4ce05b76a9327e6bd8341a3de3"
    },
    {
      "dest": ".cursor/rules/no-cursor-coauthor.mdc",
      "src": "rules/core/no-cursor-coauthor.mdc",
      "sha256": "eeffd82c215124cd4719458f92480728fad4b48dd239f7c93c77dcfe1a438437"
    },
    {
      "dest": ".cursor/rules/ponytail.mdc",
      "src": "rules/coding/ponytail.mdc",
      "sha256": "26f26e52a365b8c0e0958150d9269671a26e19545804626f05d0d245e5b18572"
    },
    {
      "dest": ".cursor/rules/pr-ready-for-review.mdc",
      "src": "rules/core/pr-ready-for-review.mdc",
      "sha256": "81c10cf676e555009281a09d9c9bde2da55f7985497fe567d1321fe9285dc711"
    },
    {
      "dest": ".cursor/rules/repo-conventions.mdc",
      "src": "rules/core/repo-conventions.mdc",
      "sha256": "10d579411676ea1bf34635097eec418dff83562650ef10039c10c305cdab3688"
    },
    {
      "dest": ".cursor/rules/typescript-code-style.mdc",
      "src": "rules/typescript/typescript-code-style.mdc",
      "sha256": "828e3ad3822bb88e1ca3d628cfdea295b32127d26e2a162ff76256402f5d2f6c"
    },
    {
      "dest": ".mcp.json",
      "src": "__generated__/claude/mcp.json",
      "sha256": "e14b3dc073dddf751dce5ea5fb3007be05cf12629678485a9868d33c63e39c25"
    }
  ],
  "managed_blocks": [
    {
      "file": "AGENTS.md",
      "block": "agent-rules",
      "sha256": "2875592d133fc6b8b77dc0af4ac18d4d6dc8ccdce2b0c8415dcac5ea65e8ec48"
    },
    {
      "file": "CLAUDE.md",
      "block": "agents-import",
      "sha256": "5dd8dfb31b3dc92efb1b60e83e51460fb31b4e834b670b57f7397327d0eaded8"
    }
  ]
}
